
Microsoft Visual Studio Solution File, Format Version 10.00
# Visual C# Express 2008
Project("{FAE04EC0-301F-11D3-BF4B-00C04F79EFBC}") = "RSSEdit", "RSSEdit.csproj", "{1A7E0D6C-3A99-44F8-8BD9-A5E58A1D4F37}"
EndProject
Project("{FAE04EC0-301F-11D3-BF4B-00C04F79EFBC}") = "RSSEdit.Tests", "..\RSSEdit.Tests\RSSEdit.Tests.csproj", "{D247E067-3A7D-461A-B661-1216FA53550A}"
	ProjectSection(ProjectDependencies) = postProject
		{1A7E0D6C-3A99-44F8-8BD9-A5E58A1D4F37} = {1A7E0D6C-3A99-44F8-8BD9-A5E58A1D4F37}
	EndProjectSection
EndProject
Global
	GlobalSection(SolutionConfigurationPlatforms) = preSolution
		Debug|Any CPU = Debug|Any CPU
		Release|Any CPU = Release|Any CPU
	EndGlobalSection
	GlobalSection(ProjectConfigurationPlatforms) = postSolution
		{1A7E0D6C-3A99-44F8-8BD9-A5E58A1D4F37}.Debug|Any CPU.ActiveCfg = Debug|Any CPU
		{1A7E0D6C-3A99-44F8-8BD9-A5E58A1D4F37}.Debug|Any CPU.Build.0 = Debug|Any CPU
		{1A7E0D6C-3A99-44F8-8BD9-A5E58A1D4F37}.Release|Any CPU.ActiveCfg = Release|Any CPU
		{1A7E0D6C-3A99-44F8-8BD9-A5E58A1D4F37}.Release|Any CPU.Build.0 = Release|Any CPU
		{D247E067-3A7D-461A-B661-1216FA53550A}.Debug|Any CPU.ActiveCfg = Debug|Any CPU
		{D247E067-3A7D-461A-B661-1216FA53550A}.Debug|Any CPU.Build.0 = Debug|Any CPU
		{D247E067-3A7D-461A-B661-1216FA53550A}.Release|Any CPU.ActiveCfg = Release|Any CPU
		{D247E067-3A7D-461A-B661-1216FA53550A}.Release|Any CPU.Build.0 = Release|Any CPU
	EndGlobalSection
	GlobalSection(SolutionProperties) = preSolution
		HideSolutionNode = FALSE
	EndGlobalSection
EndGlobal
